// !$*UTF8*$!
{
	archiveVersion = 1;
	classes = {
	};
	objectVersion = 46;
	objects = {

/* Begin PBXBuildFile section */
		35011C601CE03BCC004F7913 /* MainNavigationViewController.swift in Sources */ = {isa = PBXBuildFile; fileRef = 35011C5F1CE03BCC004F7913 /* MainNavigationViewController.swift */; };
		35011C621CE03C3C004F7913 /* User.swift in Sources */ = {isa = PBXBuildFile; fileRef = 35011C611CE03C3C004F7913 /* User.swift */; };
		3509932C1CEF116D0079C7E3 /* CollectionViewExtension.swift in Sources */ = {isa = PBXBuildFile; fileRef = 3509932B1CEF116D0079C7E3 /* CollectionViewExtension.swift */; };
		3509932E1CEF11E70079C7E3 /* HeroCollectionViewCell.swift in Sources */ = {isa = PBXBuildFile; fileRef = 3509932D1CEF11E70079C7E3 /* HeroCollectionViewCell.swift */; };
		350CCEDE1CEADBFE00D082EB /* SkillData.swift in Sources */ = {isa = PBXBuildFile; fileRef = 350CCEDD1CEADBFE00D082EB /* SkillData.swift */; };
		350CCEE01CEAE30500D082EB /* EquipCombineData.swift in Sources */ = {isa = PBXBuildFile; fileRef = 350CCEDF1CEAE30500D082EB /* EquipCombineData.swift */; };
		350E2C971CE1A96D00DF5216 /* matchDetailTableViewCell.swift in Sources */ = {isa = PBXBuildFile; fileRef = 350E2C961CE1A96D00DF5216 /* matchDetailTableViewCell.swift */; };
		350E2C991CE1A99800DF5216 /* matchDetailTableViewDataSource.swift in Sources */ = {isa = PBXBuildFile; fileRef = 350E2C981CE1A99800DF5216 /* matchDetailTableViewDataSource.swift */; };
		3516C7CD1CE640F3005BF4D8 /* FriendAnalyzer.swift in Sources */ = {isa = PBXBuildFile; fileRef = 3516C7CC1CE640F3005BF4D8 /* FriendAnalyzer.swift */; };
		3517D6FC1CE0EA70006162BA /* Item.swift in Sources */ = {isa = PBXBuildFile; fileRef = 3517D6F81CE0EA70006162BA /* Item.swift */; };
		3517D6FD1CE0EA70006162BA /* MatchRole.swift in Sources */ = {isa = PBXBuildFile; fileRef = 3517D6F91CE0EA70006162BA /* MatchRole.swift */; };
		3517D6FE1CE0EA70006162BA /* Match.swift in Sources */ = {isa = PBXBuildFile; fileRef = 3517D6FA1CE0EA70006162BA /* Match.swift */; };
		3517D6FF1CE0EA70006162BA /* MatchDetail.swift in Sources */ = {isa = PBXBuildFile; fileRef = 3517D6FB1CE0EA70006162BA /* MatchDetail.swift */; };
		3517D7031CE0EDE9006162BA /* Rank.swift in Sources */ = {isa = PBXBuildFile; fileRef = 3517D7001CE0EDE9006162BA /* Rank.swift */; };
		3517D7041CE0EDE9006162BA /* Role.swift in Sources */ = {isa = PBXBuildFile; fileRef = 3517D7011CE0EDE9006162BA /* Role.swift */; };
		3517D7051CE0EDE9006162BA /* RoleAPIBase.swift in Sources */ = {isa = PBXBuildFile; fileRef = 3517D7021CE0EDE9006162BA /* RoleAPIBase.swift */; };
		3517D7091CE0EE5F006162BA /* Hero.swift in Sources */ = {isa = PBXBuildFile; fileRef = 3517D7061CE0EE5F006162BA /* Hero.swift */; };
		3517D70A1CE0EE5F006162BA /* List.swift in Sources */ = {isa = PBXBuildFile; fileRef = 3517D7071CE0EE5F006162BA /* List.swift */; };
		3517D70B1CE0EE5F006162BA /* MatchBasicAPIBase.swift in Sources */ = {isa = PBXBuildFile; fileRef = 3517D7081CE0EE5F006162BA /* MatchBasicAPIBase.swift */; };
		3517D70D1CE0F2FA006162BA /* MatchTableViewDataSource.swift in Sources */ = {isa = PBXBuildFile; fileRef = 3517D70C1CE0F2FA006162BA /* MatchTableViewDataSource.swift */; };
		3517D70F1CE0F38D006162BA /* MatchBasicTableViewCell.swift in Sources */ = {isa = PBXBuildFile; fileRef = 3517D70E1CE0F38D006162BA /* MatchBasicTableViewCell.swift */; };
		35401A6A1CE830DA00F0EDE2 /* Global.swift in Sources */ = {isa = PBXBuildFile; fileRef = 35401A691CE830D900F0EDE2 /* Global.swift */; };
		35401A6C1CE835E500F0EDE2 /* TableViewExtension.swift in Sources */ = {isa = PBXBuildFile; fileRef = 35401A6B1CE835E500F0EDE2 /* TableViewExtension.swift */; };
		35401A6F1CE839DC00F0EDE2 /* UITableViewNetErrorDataSource.swift in Sources */ = {isa = PBXBuildFile; fileRef = 35401A6E1CE839DC00F0EDE2 /* UITableViewNetErrorDataSource.swift */; };
		35A700B51CE7841A00808CD6 /* MatchHeaderView.swift in Sources */ = {isa = PBXBuildFile; fileRef = 35A700B41CE7841A00808CD6 /* MatchHeaderView.swift */; };
		35A892BA1CE8AE5100FDCCCD /* HeroTableViewCell.swift in Sources */ = {isa = PBXBuildFile; fileRef = 35A892B91CE8AE5100FDCCCD /* HeroTableViewCell.swift */; };
		35A892BC1CE8B36300FDCCCD /* CSVDataManager.swift in Sources */ = {isa = PBXBuildFile; fileRef = 35A892BB1CE8B36300FDCCCD /* CSVDataManager.swift */; };
		35BCF7581CE8C8F900E30907 /* HeroTableViewDataSource.swift in Sources */ = {isa = PBXBuildFile; fileRef = 35BCF7571CE8C8F900E30907 /* HeroTableViewDataSource.swift */; };
		35CB3E061CEE2F2100FED888 /* CSVReader.swift in Sources */ = {isa = PBXBuildFile; fileRef = 35CB3E051CEE2F2100FED888 /* CSVReader.swift */; };
		35CB9EE21CEC55120007C47C /* HeroDetailViewController.swift in Sources */ = {isa = PBXBuildFile; fileRef = 35CB9EE11CEC55120007C47C /* HeroDetailViewController.swift */; };
		35CB9EE41CEC5B6D0007C47C /* SkillInfoTableViewCell.swift in Sources */ = {isa = PBXBuildFile; fileRef = 35CB9EE31CEC5B6D0007C47C /* SkillInfoTableViewCell.swift */; };
		35CB9EE61CEC6AE80007C47C /* HeroDetailSkillTableViewDataSource.swift in Sources */ = {isa = PBXBuildFile; fileRef = 35CB9EE51CEC6AE80007C47C /* HeroDetailSkillTableViewDataSource.swift */; };
		35DCA5CC1CE567730037577B /* PersonalRankTableViewCell.swift in Sources */ = {isa = PBXBuildFile; fileRef = 35DCA5CB1CE567730037577B /* PersonalRankTableViewCell.swift */; };
		35DCA5CE1CE5B47A0037577B /* PersonalInfoTableViewDataSource.swift in Sources */ = {isa = PBXBuildFile; fileRef = 35DCA5CD1CE5B47A0037577B /* PersonalInfoTableViewDataSource.swift */; };
		35E259D41CE87F2C005AEE4F /* HeroData.swift in Sources */ = {isa = PBXBuildFile; fileRef = 35E259D31CE87F2C005AEE4F /* HeroData.swift */; };
		35E9D02C1CF96F11004170BE /* AccountChangeViewController.swift in Sources */ = {isa = PBXBuildFile; fileRef = 35E9D02B1CF96F11004170BE /* AccountChangeViewController.swift */; };
		35E9D02E1CF96F68004170BE /* userAccountTableViewCell.swift in Sources */ = {isa = PBXBuildFile; fileRef = 35E9D02D1CF96F68004170BE /* userAccountTableViewCell.swift */; };
		35E9D0301CF97E54004170BE /* AddNewAccountTableViewCell.swift in Sources */ = {isa = PBXBuildFile; fileRef = 35E9D02F1CF97E54004170BE /* AddNewAccountTableViewCell.swift */; };
		35FBA5F91CDF4E5C00A527B4 /* AppDelegate.swift in Sources */ = {isa = PBXBuildFile; fileRef = 35FBA5F81CDF4E5C00A527B4 /* AppDelegate.swift */; };
		35FBA5FE1CDF4E5C00A527B4 /* Main.storyboard in Resources */ = {isa = PBXBuildFile; fileRef = 35FBA5FC1CDF4E5C00A527B4 /* Main.storyboard */; };
		35FBA6001CDF4E5C00A527B4 /* Assets.xcassets in Resources */ = {isa = PBXBuildFile; fileRef = 35FBA5FF1CDF4E5C00A527B4 /* Assets.xcassets */; };
		35FBA6031CDF4E5C00A527B4 /* LaunchScreen.storyboard in Resources */ = {isa = PBXBuildFile; fileRef = 35FBA6011CDF4E5C00A527B4 /* LaunchScreen.storyboard */; };
		35FBA60B1CDF4EA800A527B4 /* openapi.txt in Resources */ = {isa = PBXBuildFile; fileRef = 35FBA60A1CDF4EA800A527B4 /* openapi.txt */; };
		35FBA6131CDF51B100A527B4 /* DGElasticPullToRefreshConstants.swift in Sources */ = {isa = PBXBuildFile; fileRef = 35FBA60D1CDF51B100A527B4 /* DGElasticPullToRefreshConstants.swift */; };
		35FBA6141CDF51B100A527B4 /* DGElasticPullToRefreshExtensions.swift in Sources */ = {isa = PBXBuildFile; fileRef = 35FBA60E1CDF51B100A527B4 /* DGElasticPullToRefreshExtensions.swift */; };
		35FBA6151CDF51B100A527B4 /* DGElasticPullToRefreshLoadingView.swift in Sources */ = {isa = PBXBuildFile; fileRef = 35FBA60F1CDF51B100A527B4 /* DGElasticPullToRefreshLoadingView.swift */; };
		35FBA6161CDF51B100A527B4 /* DGElasticPullToRefreshLoadingViewCircle.swift in Sources */ = {isa = PBXBuildFile; fileRef = 35FBA6101CDF51B100A527B4 /* DGElasticPullToRefreshLoadingViewCircle.swift */; };
		35FBA6171CDF51B100A527B4 /* DGElasticPullToRefreshView.swift in Sources */ = {isa = PBXBuildFile; fileRef = 35FBA6111CDF51B100A527B4 /* DGElasticPullToRefreshView.swift */; };
		35FBA6181CDF51B100A527B4 /* DGRunkeeperSwitch.swift in Sources */ = {isa = PBXBuildFile; fileRef = 35FBA6121CDF51B100A527B4 /* DGRunkeeperSwitch.swift */; };
		35FBA61C1CDF51BF00A527B4 /* NirKxMenu.m in Sources */ = {isa = PBXBuildFile; fileRef = 35FBA61B1CDF51BF00A527B4 /* NirKxMenu.m */; };
		35FBA6201CDF523C00A527B4 /* HttpClient.swift in Sources */ = {isa = PBXBuildFile; fileRef = 35FBA61E1CDF523C00A527B4 /* HttpClient.swift */; };
		35FBA6211CDF523C00A527B4 /* ServiceProxy.swift in Sources */ = {isa = PBXBuildFile; fileRef = 35FBA61F1CDF523C00A527B4 /* ServiceProxy.swift */; };
		35FBA62F1CDF6FE300A527B4 /* Match.storyboard in Resources */ = {isa = PBXBuildFile; fileRef = 35FBA62D1CDF6FE300A527B4 /* Match.storyboard */; };
		35FBA6321CDF701600A527B4 /* Hero.storyboard in Resources */ = {isa = PBXBuildFile; fileRef = 35FBA6301CDF701600A527B4 /* Hero.storyboard */; };
		35FBA6351CDF703A00A527B4 /* PersonalInfo.storyboard in Resources */ = {isa = PBXBuildFile; fileRef = 35FBA6331CDF703A00A527B4 /* PersonalInfo.storyboard */; };
		35FBA6391CDF708900A527B4 /* MainViewController.swift in Sources */ = {isa = PBXBuildFile; fileRef = 35FBA6381CDF708900A527B4 /* MainViewController.swift */; };
		35FBA63B1CDF711800A527B4 /* PersonalInfoViewController.swift in Sources */ = {isa = PBXBuildFile; fileRef = 35FBA63A1CDF711800A527B4 /* PersonalInfoViewController.swift */; };
		35FBA63D1CDF712E00A527B4 /* HeroViewController.swift in Sources */ = {isa = PBXBuildFile; fileRef = 35FBA63C1CDF712E00A527B4 /* HeroViewController.swift */; };
		35FBA63F1CDF714A00A527B4 /* MatchViewController.swift in Sources */ = {isa = PBXBuildFile; fileRef = 35FBA63E1CDF714A00A527B4 /* MatchViewController.swift */; };
		35FBA6411CDF717400A527B4 /* MatchDetailViewController.swift in Sources */ = {isa = PBXBuildFile; fileRef = 35FBA6401CDF717400A527B4 /* MatchDetailViewController.swift */; };
		C13E5EBB34E60A6D328DFA70 /* Pods_Tk300HeroAssistant.framework in Frameworks */ = {isa = PBXBuildFile; fileRef = 585C009171284DD1558B5230 /* Pods_Tk300HeroAssistant.framework */; };
/* End PBXBuildFile section */

/* Begin PBXFileReference section */
		35011C5F1CE03BCC004F7913 /* MainNavigationViewController.swift */ = {isa = PBXFileReference; fileEncoding = 4; lastKnownFileType = sourcecode.swift; name = MainNavigationViewController.swift; path = Controller/MainNavigationViewController.swift; sourceTree = "<group>"; };
		35011C611CE03C3C004F7913 /* User.swift */ = {isa = PBXFileReference; fileEncoding = 4; lastKnownFileType = sourcecode.swift; name = User.swift; path = Tk300HeroAssistant/Model/User.swift; sourceTree = SOURCE_ROOT; };
		3509932B1CEF116D0079C7E3 /* CollectionViewExtension.swift */ = {isa = PBXFileReference; fileEncoding = 4; lastKnownFileType = sourcecode.swift; name = CollectionViewExtension.swift; path = Extension/CollectionViewExtension.swift; sourceTree = "<group>"; };
		3509932D1CEF11E70079C7E3 /* HeroCollectionViewCell.swift */ = {isa = PBXFileReference; fileEncoding = 4; lastKnownFileType = sourcecode.swift; name = HeroCollectionViewCell.swift; path = Cells/HeroCollectionViewCell.swift; sourceTree = "<group>"; };
		350CCEDD1CEADBFE00D082EB /* SkillData.swift */ = {isa = PBXFileReference; fileEncoding = 4; lastKnownFileType = sourcecode.swift; name = SkillData.swift; path = Tk300HeroAssistant/Model/Data/SkillData.swift; sourceTree = SOURCE_ROOT; };
		350CCEDF1CEAE30500D082EB /* EquipCombineData.swift */ = {isa = PBXFileReference; fileEncoding = 4; lastKnownFileType = sourcecode.swift; name = EquipCombineData.swift; path = Tk300HeroAssistant/Model/Data/EquipCombineData.swift; sourceTree = SOURCE_ROOT; };
		350E2C961CE1A96D00DF5216 /* matchDetailTableViewCell.swift */ = {isa = PBXFileReference; fileEncoding = 4; lastKnownFileType = sourcecode.swift; name = matchDetailTableViewCell.swift; path = Cells/matchDetailTableViewCell.swift; sourceTree = "<group>"; };
		350E2C981CE1A99800DF5216 /* matchDetailTableViewDataSource.swift */ = {isa = PBXFileReference; fileEncoding = 4; lastKnownFileType = sourcecode.swift; name = matchDetailTableViewDataSource.swift; path = Controller/matchDetailTableViewDataSource.swift; sourceTree = "<group>"; };
		3516C7CC1CE640F3005BF4D8 /* FriendAnalyzer.swift */ = {isa = PBXFileReference; fileEncoding = 4; lastKnownFileType = sourcecode.swift; name = FriendAnalyzer.swift; path = Tk300HeroAssistant/Model/FriendAnyalysis/FriendAnalyzer.swift; sourceTree = SOURCE_ROOT; };
		3517D6F81CE0EA70006162BA /* Item.swift */ = {isa = PBXFileReference; fileEncoding = 4; lastKnownFileType = sourcecode.swift; name = Item.swift; path = Tk300HeroAssistant/Model/MatchDetail/Item.swift; sourceTree = SOURCE_ROOT; };
		3517D6F91CE0EA70006162BA /* MatchRole.swift */ = {isa = PBXFileReference; fileEncoding = 4; lastKnownFileType = sourcecode.swift; name = MatchRole.swift; path = Tk300HeroAssistant/Model/MatchDetail/MatchRole.swift; sourceTree = SOURCE_ROOT; };
		3517D6FA1CE0EA70006162BA /* Match.swift */ = {isa = PBXFileReference; fileEncoding = 4; lastKnownFileType = sourcecode.swift; name = Match.swift; path = Tk300HeroAssistant/Model/MatchDetail/Match.swift; sourceTree = SOURCE_ROOT; };
		3517D6FB1CE0EA70006162BA /* MatchDetail.swift */ = {isa = PBXFileReference; fileEncoding = 4; lastKnownFileType = sourcecode.swift; name = MatchDetail.swift; path = Tk300HeroAssistant/Model/MatchDetail/MatchDetail.swift; sourceTree = SOURCE_ROOT; };
		3517D7001CE0EDE9006162BA /* Rank.swift */ = {isa = PBXFileReference; fileEncoding = 4; lastKnownFileType = sourcecode.swift; name = Rank.swift; path = Tk300HeroAssistant/Model/Player/Rank.swift; sourceTree = SOURCE_ROOT; };
		3517D7011CE0EDE9006162BA /* Role.swift */ = {isa = PBXFileReference; fileEncoding = 4; lastKnownFileType = sourcecode.swift; name = Role.swift; path = Tk300HeroAssistant/Model/Player/Role.swift; sourceTree = SOURCE_ROOT; };
		3517D7021CE0EDE9006162BA /* RoleAPIBase.swift */ = {isa = PBXFileReference; fileEncoding = 4; lastKnownFileType = sourcecode.swift; name = RoleAPIBase.swift; path = Tk300HeroAssistant/Model/Player/RoleAPIBase.swift; sourceTree = SOURCE_ROOT; };
		3517D7061CE0EE5F006162BA /* Hero.swift */ = {isa = PBXFileReference; fileEncoding = 4; lastKnownFileType = sourcecode.swift; name = Hero.swift; path = Tk300HeroAssistant/Model/Match/Hero.swift; sourceTree = SOURCE_ROOT; };
		3517D7071CE0EE5F006162BA /* List.swift */ = {isa = PBXFileReference; fileEncoding = 4; lastKnownFileType = sourcecode.swift; name = List.swift; path = Tk300HeroAssistant/Model/Match/List.swift; sourceTree = SOURCE_ROOT; };
		3517D7081CE0EE5F006162BA /* MatchBasicAPIBase.swift */ = {isa = PBXFileReference; fileEncoding = 4; lastKnownFileType = sourcecode.swift; name = MatchBasicAPIBase.swift; path = Tk300HeroAssistant/Model/Match/MatchBasicAPIBase.swift; sourceTree = SOURCE_ROOT; };
		3517D70C1CE0F2FA006162BA /* MatchTableViewDataSource.swift */ = {isa = PBXFileReference; fileEncoding = 4; lastKnownFileType = sourcecode.swift; name = MatchTableViewDataSource.swift; path = Controller/MatchTableViewDataSource.swift; sourceTree = "<group>"; };
		3517D70E1CE0F38D006162BA /* MatchBasicTableViewCell.swift */ = {isa = PBXFileReference; fileEncoding = 4; lastKnownFileType = sourcecode.swift; name = MatchBasicTableViewCell.swift; path = Cells/MatchBasicTableViewCell.swift; sourceTree = "<group>"; };
		35401A611CE82C5700F0EDE2 /* Tk300HeroAssistantTests.swift */ = {isa = PBXFileReference; lastKnownFileType = sourcecode.swift; path = Tk300HeroAssistantTests.swift; sourceTree = "<group>"; };
		35401A631CE82C5700F0EDE2 /* Info.plist */ = {isa = PBXFileReference; lastKnownFileType = text.plist.xml; path = Info.plist; sourceTree = "<group>"; };
		35401A691CE830D900F0EDE2 /* Global.swift */ = {isa = PBXFileReference; fileEncoding = 4; lastKnownFileType = sourcecode.swift; name = Global.swift; path = Tk300HeroAssistant/Model/Global.swift; sourceTree = SOURCE_ROOT; };
		35401A6B1CE835E500F0EDE2 /* TableViewExtension.swift */ = {isa = PBXFileReference; fileEncoding = 4; lastKnownFileType = sourcecode.swift; name = TableViewExtension.swift; path = Extension/TableViewExtension.swift; sourceTree = "<group>"; };
		35401A6E1CE839DC00F0EDE2 /* UITableViewNetErrorDataSource.swift */ = {isa = PBXFileReference; fileEncoding = 4; lastKnownFileType = sourcecode.swift; name = UITableViewNetErrorDataSource.swift; path = Tools/UITableViewNetErrorDataSource.swift; sourceTree = "<group>"; };
		35A700B41CE7841A00808CD6 /* MatchHeaderView.swift */ = {isa = PBXFileReference; fileEncoding = 4; lastKnownFileType = sourcecode.swift; name = MatchHeaderView.swift; path = Cells/MatchHeaderView.swift; sourceTree = "<group>"; };
		35A892B91CE8AE5100FDCCCD /* HeroTableViewCell.swift */ = {isa = PBXFileReference; fileEncoding = 4; lastKnownFileType = sourcecode.swift; name = HeroTableViewCell.swift; path = Cells/HeroTableViewCell.swift; sourceTree = "<group>"; };
		35A892BB1CE8B36300FDCCCD /* CSVDataManager.swift */ = {isa = PBXFileReference; fileEncoding = 4; lastKnownFileType = sourcecode.swift; name = CSVDataManager.swift; path = Tk300HeroAssistant/Model/CSVDataManager.swift; sourceTree = SOURCE_ROOT; };
		35BCF7571CE8C8F900E30907 /* HeroTableViewDataSource.swift */ = {isa = PBXFileReference; fileEncoding = 4; lastKnownFileType = sourcecode.swift; name = HeroTableViewDataSource.swift; path = Controller/HeroTableViewDataSource.swift; sourceTree = "<group>"; };
		35CB3E051CEE2F2100FED888 /* CSVReader.swift */ = {isa = PBXFileReference; fileEncoding = 4; lastKnownFileType = sourcecode.swift; name = CSVReader.swift; path = Tk300HeroAssistant/Model/CSVReader.swift; sourceTree = SOURCE_ROOT; };
		35CB9EE11CEC55120007C47C /* HeroDetailViewController.swift */ = {isa = PBXFileReference; fileEncoding = 4; lastKnownFileType = sourcecode.swift; name = HeroDetailViewController.swift; path = Controller/HeroDetailViewController.swift; sourceTree = "<group>"; };
		35CB9EE31CEC5B6D0007C47C /* SkillInfoTableViewCell.swift */ = {isa = PBXFileReference; fileEncoding = 4; lastKnownFileType = sourcecode.swift; name = SkillInfoTableViewCell.swift; path = Cells/SkillInfoTableViewCell.swift; sourceTree = "<group>"; };
		35CB9EE51CEC6AE80007C47C /* HeroDetailSkillTableViewDataSource.swift */ = {isa = PBXFileReference; fileEncoding = 4; lastKnownFileType = sourcecode.swift; name = HeroDetailSkillTableViewDataSource.swift; path = Controller/HeroDetailSkillTableViewDataSource.swift; sourceTree = "<group>"; };
		35DCA5CB1CE567730037577B /* PersonalRankTableViewCell.swift */ = {isa = PBXFileReference; fileEncoding = 4; lastKnownFileType = sourcecode.swift; name = PersonalRankTableViewCell.swift; path = Cells/PersonalRankTableViewCell.swift; sourceTree = "<group>"; };
		35DCA5CD1CE5B47A0037577B /* PersonalInfoTableViewDataSource.swift */ = {isa = PBXFileReference; fileEncoding = 4; lastKnownFileType = sourcecode.swift; name = PersonalInfoTableViewDataSource.swift; path = Controller/PersonalInfoTableViewDataSource.swift; sourceTree = "<group>"; };
		35E259D31CE87F2C005AEE4F /* HeroData.swift */ = {isa = PBXFileReference; fileEncoding = 4; lastKnownFileType = sourcecode.swift; name = HeroData.swift; path = Tk300HeroAssistant/Model/Data/HeroData.swift; sourceTree = SOURCE_ROOT; };
		35E9D02B1CF96F11004170BE /* AccountChangeViewController.swift */ = {isa = PBXFileReference; fileEncoding = 4; lastKnownFileType = sourcecode.swift; name = AccountChangeViewController.swift; path = Controller/AccountChangeViewController.swift; sourceTree = "<group>"; };
		35E9D02D1CF96F68004170BE /* userAccountTableViewCell.swift */ = {isa = PBXFileReference; fileEncoding = 4; lastKnownFileType = sourcecode.swift; name = userAccountTableViewCell.swift; path = Cells/userAccountTableViewCell.swift; sourceTree = "<group>"; };
		35E9D02F1CF97E54004170BE /* AddNewAccountTableViewCell.swift */ = {isa = PBXFileReference; fileEncoding = 4; lastKnownFileType = sourcecode.swift; name = AddNewAccountTableViewCell.swift; path = Cells/AddNewAccountTableViewCell.swift; sourceTree = "<group>"; };
		35FBA5F51CDF4E5C00A527B4 /* 星尘盒子 for 300英雄.app */ = {isa = PBXFileReference; explicitFileType = wrapper.application; includeInIndex = 0; path = "星尘盒子 for 300英雄.app"; sourceTree = BUILT_PRODUCTS_DIR; };
		35FBA5F81CDF4E5C00A527B4 /* AppDelegate.swift */ = {isa = PBXFileReference; lastKnownFileType = sourcecode.swift; path = AppDelegate.swift; sourceTree = "<group>"; };
		35FBA5FD1CDF4E5C00A527B4 /* Base */ = {isa = PBXFileReference; lastKnownFileType = file.storyboard; name = Base; path = Base.lproj/Main.storyboard; sourceTree = "<group>"; };
		35FBA5FF1CDF4E5C00A527B4 /* Assets.xcassets */ = {isa = PBXFileReference; lastKnownFileType = folder.assetcatalog; path = Assets.xcassets; sourceTree = "<group>"; };
		35FBA6021CDF4E5C00A527B4 /* Base */ = {isa = PBXFileReference; lastKnownFileType = file.storyboard; name = Base; path = Base.lproj/LaunchScreen.storyboard; sourceTree = "<group>"; };
		35FBA6041CDF4E5C00A527B4 /* Info.plist */ = {isa = PBXFileReference; lastKnownFileType = text.plist.xml; path = Info.plist; sourceTree = "<group>"; };
		35FBA60A1CDF4EA800A527B4 /* openapi.txt */ = {isa = PBXFileReference; fileEncoding = 4; lastKnownFileType = text; name = openapi.txt; path = ../openapi.txt; sourceTree = "<group>"; };
		35FBA60D1CDF51B100A527B4 /* DGElasticPullToRefreshConstants.swift */ = {isa = PBXFileReference; fileEncoding = 4; lastKnownFileType = sourcecode.swift; path = DGElasticPullToRefreshConstants.swift; sourceTree = "<group>"; };
		35FBA60E1CDF51B100A527B4 /* DGElasticPullToRefreshExtensions.swift */ = {isa = PBXFileReference; fileEncoding = 4; lastKnownFileType = sourcecode.swift; path = DGElasticPullToRefreshExtensions.swift; sourceTree = "<group>"; };
		35FBA60F1CDF51B100A527B4 /* DGElasticPullToRefreshLoadingView.swift */ = {isa = PBXFileReference; fileEncoding = 4; lastKnownFileType = sourcecode.swift; path = DGElasticPullToRefreshLoadingView.swift; sourceTree = "<group>"; };
		35FBA6101CDF51B100A527B4 /* DGElasticPullToRefreshLoadingViewCircle.swift */ = {isa = PBXFileReference; fileEncoding = 4; lastKnownFileType = sourcecode.swift; path = DGElasticPullToRefreshLoadingViewCircle.swift; sourceTree = "<group>"; };
		35FBA6111CDF51B100A527B4 /* DGElasticPullToRefreshView.swift */ = {isa = PBXFileReference; fileEncoding = 4; lastKnownFileType = sourcecode.swift; path = DGElasticPullToRefreshView.swift; sourceTree = "<group>"; };
		35FBA6121CDF51B100A527B4 /* DGRunkeeperSwitch.swift */ = {isa = PBXFileReference; fileEncoding = 4; lastKnownFileType = sourcecode.swift; path = DGRunkeeperSwitch.swift; sourceTree = "<group>"; };
		35FBA61A1CDF51BF00A527B4 /* NirKxMenu.h */ = {isa = PBXFileReference; fileEncoding = 4; lastKnownFileType = sourcecode.c.h; path = NirKxMenu.h; sourceTree = "<group>"; };
		35FBA61B1CDF51BF00A527B4 /* NirKxMenu.m */ = {isa = PBXFileReference; fileEncoding = 4; lastKnownFileType = sourcecode.c.objc; path = NirKxMenu.m; sourceTree = "<group>"; };
		35FBA61E1CDF523C00A527B4 /* HttpClient.swift */ = {isa = PBXFileReference; fileEncoding = 4; lastKnownFileType = sourcecode.swift; path = HttpClient.swift; sourceTree = "<group>"; };
		35FBA61F1CDF523C00A527B4 /* ServiceProxy.swift */ = {isa = PBXFileReference; fileEncoding = 4; lastKnownFileType = sourcecode.swift; path = ServiceProxy.swift; sourceTree = "<group>"; };
		35FBA62E1CDF6FE300A527B4 /* Base */ = {isa = PBXFileReference; lastKnownFileType = file.storyboard; name = Base; path = Base.lproj/Match.storyboard; sourceTree = "<group>"; };
		35FBA6311CDF701600A527B4 /* Base */ = {isa = PBXFileReference; lastKnownFileType = file.storyboard; name = Base; path = Base.lproj/Hero.storyboard; sourceTree = "<group>"; };
		35FBA6341CDF703A00A527B4 /* Base */ = {isa = PBXFileReference; lastKnownFileType = file.storyboard; name = Base; path = Base.lproj/PersonalInfo.storyboard; sourceTree = "<group>"; };
		35FBA6381CDF708900A527B4 /* MainViewController.swift */ = {isa = PBXFileReference; fileEncoding = 4; lastKnownFileType = sourcecode.swift; name = MainViewController.swift; path = Controller/Main/MainViewController.swift; sourceTree = "<group>"; };
		35FBA63A1CDF711800A527B4 /* PersonalInfoViewController.swift */ = {isa = PBXFileReference; fileEncoding = 4; lastKnownFileType = sourcecode.swift; name = PersonalInfoViewController.swift; path = Controller/PersonalInfoViewController.swift; sourceTree = "<group>"; };
		35FBA63C1CDF712E00A527B4 /* HeroViewController.swift */ = {isa = PBXFileReference; fileEncoding = 4; lastKnownFileType = sourcecode.swift; name = HeroViewController.swift; path = Controller/HeroViewController.swift; sourceTree = "<group>"; };
		35FBA63E1CDF714A00A527B4 /* MatchViewController.swift */ = {isa = PBXFileReference; fileEncoding = 4; lastKnownFileType = sourcecode.swift; name = MatchViewController.swift; path = Controller/MatchViewController.swift; sourceTree = "<group>"; };
		35FBA6401CDF717400A527B4 /* MatchDetailViewController.swift */ = {isa = PBXFileReference; fileEncoding = 4; lastKnownFileType = sourcecode.swift; name = MatchDetailViewController.swift; path = Controller/MatchDetailViewController.swift; sourceTree = "<group>"; };
		4FE5B0D7DD464CEA3FF730C0 /* Pods-Tk300HeroAssistant.debug.xcconfig */ = {isa = PBXFileReference; includeInIndex = 1; lastKnownFileType = text.xcconfig; name = "Pods-Tk300HeroAssistant.debug.xcconfig"; path = "Pods/Target Support Files/Pods-Tk300HeroAssistant/Pods-Tk300HeroAssistant.debug.xcconfig"; sourceTree = "<group>"; };
		585C009171284DD1558B5230 /* Pods_Tk300HeroAssistant.framework */ = {isa = PBXFileReference; explicitFileType = wrapper.framework; includeInIndex = 0; path = Pods_Tk300HeroAssistant.framework; sourceTree = BUILT_PRODUCTS_DIR; };
		A2DD9FE52B9322672F49A4CD /* Pods-Tk300HeroAssistant.release.xcconfig */ = {isa = PBXFileReference; includeInIndex = 1; lastKnownFileType = text.xcconfig; name = "Pods-Tk300HeroAssistant.release.xcconfig"; path = "Pods/Target Support Files/Pods-Tk300HeroAssistant/Pods-Tk300HeroAssistant.release.xcconfig"; sourceTree = "<group>"; };
/* End PBXFileReference section */

/* Begin PBXFrameworksBuildPhase section */
		35FBA5F21CDF4E5C00A527B4 /* Frameworks */ = {
			isa = PBXFrameworksBuildPhase;
			buildActionMask = 2147483647;
			files = (
				C13E5EBB34E60A6D328DFA70 /* Pods_Tk300HeroAssistant.framework in Frameworks */,
			);
			runOnlyForDeploymentPostprocessing = 0;
		};
/* End PBXFrameworksBuildPhase section */

/* Begin PBXGroup section */
		35011C5D1CE03605004F7913 /* Player */ = {
			isa = PBXGroup;
			children = (
				3517D7001CE0EDE9006162BA /* Rank.swift */,
				3517D7011CE0EDE9006162BA /* Role.swift */,
				3517D7021CE0EDE9006162BA /* RoleAPIBase.swift */,
			);
			name = Player;
			sourceTree = "<group>";
		};
		35011C5E1CE03616004F7913 /* Rank */ = {
			isa = PBXGroup;
			children = (
			);
			name = Rank;
			sourceTree = "<group>";
		};
		35011C631CE04028004F7913 /* Match */ = {
			isa = PBXGroup;
			children = (
				3517D7061CE0EE5F006162BA /* Hero.swift */,
				3517D7071CE0EE5F006162BA /* List.swift */,
				3517D7081CE0EE5F006162BA /* MatchBasicAPIBase.swift */,
			);
			name = Match;
			sourceTree = "<group>";
		};
		350993311CEF4B610079C7E3 /* 装备数据 */ = {
			isa = PBXGroup;
			children = (
			);
			name = "装备数据";
			sourceTree = "<group>";
		};
		3516C7CB1CE64094005BF4D8 /* FriendAnalysis */ = {
			isa = PBXGroup;
			children = (
				3516C7CC1CE640F3005BF4D8 /* FriendAnalyzer.swift */,
			);
			name = FriendAnalysis;
			sourceTree = "<group>";
		};
		3517D6D41CE0DE4F006162BA /* 个人战绩 */ = {
			isa = PBXGroup;
			children = (
				35FBA63E1CDF714A00A527B4 /* MatchViewController.swift */,
				3517D70C1CE0F2FA006162BA /* MatchTableViewDataSource.swift */,
				3517D70E1CE0F38D006162BA /* MatchBasicTableViewCell.swift */,
				3517D7101CE0F468006162BA /* 详情 */,
			);
			name = "个人战绩";
			sourceTree = "<group>";
		};
		3517D6D51CE0DE60006162BA /* 英雄数据 */ = {
			isa = PBXGroup;
			children = (
				35FBA63C1CDF712E00A527B4 /* HeroViewController.swift */,
				35BCF7571CE8C8F900E30907 /* HeroTableViewDataSource.swift */,
				35A892B91CE8AE5100FDCCCD /* HeroTableViewCell.swift */,
				3509932D1CEF11E70079C7E3 /* HeroCollectionViewCell.swift */,
				35CB9EE01CEC54E50007C47C /* 英雄详情 */,
			);
			name = "英雄数据";
			sourceTree = "<group>";
		};
		3517D6D61CE0DE73006162BA /* 个人信息 */ = {
			isa = PBXGroup;
			children = (
				35FBA63A1CDF711800A527B4 /* PersonalInfoViewController.swift */,
				35DCA5CB1CE567730037577B /* PersonalRankTableViewCell.swift */,
				35DCA5CD1CE5B47A0037577B /* PersonalInfoTableViewDataSource.swift */,
				35E9D02B1CF96F11004170BE /* AccountChangeViewController.swift */,
				35E9D02D1CF96F68004170BE /* userAccountTableViewCell.swift */,
				35E9D02F1CF97E54004170BE /* AddNewAccountTableViewCell.swift */,
			);
			name = "个人信息";
			sourceTree = "<group>";
		};
		3517D6E31CE0E6FD006162BA /* MatchDetail */ = {
			isa = PBXGroup;
			children = (
				3517D6F81CE0EA70006162BA /* Item.swift */,
				3517D6F91CE0EA70006162BA /* MatchRole.swift */,
				3517D6FA1CE0EA70006162BA /* Match.swift */,
				3517D6FB1CE0EA70006162BA /* MatchDetail.swift */,
			);
			name = MatchDetail;
			sourceTree = "<group>";
		};
		3517D7101CE0F468006162BA /* 详情 */ = {
			isa = PBXGroup;
			children = (
				35FBA6401CDF717400A527B4 /* MatchDetailViewController.swift */,
				350E2C961CE1A96D00DF5216 /* matchDetailTableViewCell.swift */,
				350E2C981CE1A99800DF5216 /* matchDetailTableViewDataSource.swift */,
				35A700B41CE7841A00808CD6 /* MatchHeaderView.swift */,
			);
			name = "详情";
			sourceTree = "<group>";
		};
		35401A601CE82C5700F0EDE2 /* Tk300HeroAssistantTests */ = {
			isa = PBXGroup;
			children = (
				35401A611CE82C5700F0EDE2 /* Tk300HeroAssistantTests.swift */,
				35401A631CE82C5700F0EDE2 /* Info.plist */,
			);
			path = Tk300HeroAssistantTests;
			sourceTree = "<group>";
		};
		35401A6D1CE839C800F0EDE2 /* Tools */ = {
			isa = PBXGroup;
			children = (
				35401A6B1CE835E500F0EDE2 /* TableViewExtension.swift */,
				35401A6E1CE839DC00F0EDE2 /* UITableViewNetErrorDataSource.swift */,
				3509932B1CEF116D0079C7E3 /* CollectionViewExtension.swift */,
			);
			name = Tools;
			sourceTree = "<group>";
		};
		35CB9EE01CEC54E50007C47C /* 英雄详情 */ = {
			isa = PBXGroup;
			children = (
				35CB9EE11CEC55120007C47C /* HeroDetailViewController.swift */,
				35CB9EE51CEC6AE80007C47C /* HeroDetailSkillTableViewDataSource.swift */,
				35CB9EE31CEC5B6D0007C47C /* SkillInfoTableViewCell.swift */,
			);
			name = "英雄详情";
			sourceTree = "<group>";
		};
		35E259D21CE87EF4005AEE4F /* Data */ = {
			isa = PBXGroup;
			children = (
				35E259D31CE87F2C005AEE4F /* HeroData.swift */,
				350CCEDD1CEADBFE00D082EB /* SkillData.swift */,
				350CCEDF1CEAE30500D082EB /* EquipCombineData.swift */,
			);
			name = Data;
			sourceTree = "<group>";
		};
		35FBA5EC1CDF4E5C00A527B4 = {
			isa = PBXGroup;
			children = (
				35FBA5F71CDF4E5C00A527B4 /* Tk300HeroAssistant */,
				35401A601CE82C5700F0EDE2 /* Tk300HeroAssistantTests */,
				35FBA5F61CDF4E5C00A527B4 /* Products */,
				A1388203D4ECF9FC2670C31D /* Pods */,
				90F405ABAACB4228BE2038C3 /* Frameworks */,
			);
			sourceTree = "<group>";
		};
		35FBA5F61CDF4E5C00A527B4 /* Products */ = {
			isa = PBXGroup;
			children = (
				35FBA5F51CDF4E5C00A527B4 /* 星尘盒子 for 300英雄.app */,
			);
			name = Products;
			sourceTree = "<group>";
		};
		35FBA5F71CDF4E5C00A527B4 /* Tk300HeroAssistant */ = {
			isa = PBXGroup;
			children = (
				35401A6D1CE839C800F0EDE2 /* Tools */,
				35FBA6231CDF57DB00A527B4 /* Model */,
				35FBA6361CDF704000A527B4 /* View */,
				35FBA6371CDF704B00A527B4 /* Controllers */,
				35FBA61D1CDF523C00A527B4 /* Network */,
				35FBA5F81CDF4E5C00A527B4 /* AppDelegate.swift */,
				35FBA5FF1CDF4E5C00A527B4 /* Assets.xcassets */,
				35FBA6011CDF4E5C00A527B4 /* LaunchScreen.storyboard */,
				35FBA6041CDF4E5C00A527B4 /* Info.plist */,
			);
			path = Tk300HeroAssistant;
			sourceTree = "<group>";
		};
		35FBA60C1CDF51B100A527B4 /* DGElasticPullToRefresh */ = {
			isa = PBXGroup;
			children = (
				35FBA60D1CDF51B100A527B4 /* DGElasticPullToRefreshConstants.swift */,
				35FBA60E1CDF51B100A527B4 /* DGElasticPullToRefreshExtensions.swift */,
				35FBA60F1CDF51B100A527B4 /* DGElasticPullToRefreshLoadingView.swift */,
				35FBA6101CDF51B100A527B4 /* DGElasticPullToRefreshLoadingViewCircle.swift */,
				35FBA6111CDF51B100A527B4 /* DGElasticPullToRefreshView.swift */,
				35FBA6121CDF51B100A527B4 /* DGRunkeeperSwitch.swift */,
			);
			path = DGElasticPullToRefresh;
			sourceTree = "<group>";
		};
		35FBA6191CDF51BF00A527B4 /* NirKxMenu */ = {
			isa = PBXGroup;
			children = (
				35FBA61A1CDF51BF00A527B4 /* NirKxMenu.h */,
				35FBA61B1CDF51BF00A527B4 /* NirKxMenu.m */,
			);
			path = NirKxMenu;
			sourceTree = "<group>";
		};
		35FBA61D1CDF523C00A527B4 /* Network */ = {
			isa = PBXGroup;
			children = (
				35FBA60A1CDF4EA800A527B4 /* openapi.txt */,
				35FBA61E1CDF523C00A527B4 /* HttpClient.swift */,
				35FBA61F1CDF523C00A527B4 /* ServiceProxy.swift */,
			);
			path = Network;
			sourceTree = "<group>";
		};
		35FBA6221CDF523F00A527B4 /* 3rd */ = {
			isa = PBXGroup;
			children = (
				35FBA6191CDF51BF00A527B4 /* NirKxMenu */,
				35FBA60C1CDF51B100A527B4 /* DGElasticPullToRefresh */,
			);
			name = 3rd;
			sourceTree = "<group>";
		};
		35FBA6231CDF57DB00A527B4 /* Model */ = {
			isa = PBXGroup;
			children = (
				35011C611CE03C3C004F7913 /* User.swift */,
				35CB3E051CEE2F2100FED888 /* CSVReader.swift */,
				35A892BB1CE8B36300FDCCCD /* CSVDataManager.swift */,
				35E259D21CE87EF4005AEE4F /* Data */,
				3516C7CB1CE64094005BF4D8 /* FriendAnalysis */,
				3517D6E31CE0E6FD006162BA /* MatchDetail */,
				35011C631CE04028004F7913 /* Match */,
				35011C5E1CE03616004F7913 /* Rank */,
				35011C5D1CE03605004F7913 /* Player */,
				35401A691CE830D900F0EDE2 /* Global.swift */,
			);
			name = Model;
			path = Network;
			sourceTree = "<group>";
		};
		35FBA6361CDF704000A527B4 /* View */ = {
			isa = PBXGroup;
			children = (
				35FBA5FC1CDF4E5C00A527B4 /* Main.storyboard */,
				35FBA62D1CDF6FE300A527B4 /* Match.storyboard */,
				35FBA6331CDF703A00A527B4 /* PersonalInfo.storyboard */,
				35FBA6301CDF701600A527B4 /* Hero.storyboard */,
			);
			name = View;
			sourceTree = "<group>";
		};
		35FBA6371CDF704B00A527B4 /* Controllers */ = {
			isa = PBXGroup;
			children = (
				35011C5F1CE03BCC004F7913 /* MainNavigationViewController.swift */,
				35FBA6381CDF708900A527B4 /* MainViewController.swift */,
				35FBA6221CDF523F00A527B4 /* 3rd */,
				3517D6D41CE0DE4F006162BA /* 个人战绩 */,
				3517D6D61CE0DE73006162BA /* 个人信息 */,
				3517D6D51CE0DE60006162BA /* 英雄数据 */,
				350993311CEF4B610079C7E3 /* 装备数据 */,
			);
			name = Controllers;
			sourceTree = "<group>";
		};
		90F405ABAACB4228BE2038C3 /* Frameworks */ = {
			isa = PBXGroup;
			children = (
				585C009171284DD1558B5230 /* Pods_Tk300HeroAssistant.framework */,
			);
			name = Frameworks;
			sourceTree = "<group>";
		};
		A1388203D4ECF9FC2670C31D /* Pods */ = {
			isa = PBXGroup;
			children = (
				4FE5B0D7DD464CEA3FF730C0 /* Pods-Tk300HeroAssistant.debug.xcconfig */,
				A2DD9FE52B9322672F49A4CD /* Pods-Tk300HeroAssistant.release.xcconfig */,
			);
			name = Pods;
			sourceTree = "<group>";
		};
/* End PBXGroup section */

/* Begin PBXNativeTarget section */
		35FBA5F41CDF4E5C00A527B4 /* Tk300HeroAssistant */ = {
			isa = PBXNativeTarget;
			buildConfigurationList = 35FBA6071CDF4E5C00A527B4 /* Build configuration list for PBXNativeTarget "Tk300HeroAssistant" */;
			buildPhases = (
				F25799642AFC6BE177C39ECA /* 📦 Check Pods Manifest.lock */,
				35FBA5F11CDF4E5C00A527B4 /* Sources */,
				35FBA5F21CDF4E5C00A527B4 /* Frameworks */,
				35FBA5F31CDF4E5C00A527B4 /* Resources */,
				AC6CF727BCF18C30A9F2424F /* 📦 Embed Pods Frameworks */,
				B7DA3539B62C5293FC5C2A82 /* 📦 Copy Pods Resources */,
			);
			buildRules = (
			);
			dependencies = (
			);
			name = Tk300HeroAssistant;
			productName = Tk300HeroAssistant;
			productReference = 35FBA5F51CDF4E5C00A527B4 /* 星尘盒子 for 300英雄.app */;
			productType = "com.apple.product-type.application";
		};
/* End PBXNativeTarget section */

/* Begin PBXProject section */
		35FBA5ED1CDF4E5C00A527B4 /* Project object */ = {
			isa = PBXProject;
			attributes = {
				LastSwiftUpdateCheck = 0730;
				LastUpgradeCheck = 0730;
				ORGANIZATIONNAME = SherryTeam;
				TargetAttributes = {
					35FBA5F41CDF4E5C00A527B4 = {
						CreatedOnToolsVersion = 7.3;
						DevelopmentTeam = 3HX94AXZ2B;
					};
				};
			};
			buildConfigurationList = 35FBA5F01CDF4E5C00A527B4 /* Build configuration list for PBXProject "Tk300HeroAssistant" */;
			compatibilityVersion = "Xcode 3.2";
			developmentRegion = English;
			hasScannedForEncodings = 0;
			knownRegions = (
				en,
				Base,
			);
			mainGroup = 35FBA5EC1CDF4E5C00A527B4;
			productRefGroup = 35FBA5F61CDF4E5C00A527B4 /* Products */;
			projectDirPath = "";
			projectRoot = "";
			targets = (
				35FBA5F41CDF4E5C00A527B4 /* Tk300HeroAssistant */,
			);
		};
/* End PBXProject section */

/* Begin PBXResourcesBuildPhase section */
		35FBA5F31CDF4E5C00A527B4 /* Resources */ = {
			isa = PBXResourcesBuildPhase;
			buildActionMask = 2147483647;
			files = (
				35FBA6321CDF701600A527B4 /* Hero.storyboard in Resources */,
				35FBA6031CDF4E5C00A527B4 /* LaunchScreen.storyboard in Resources */,
				35FBA60B1CDF4EA800A527B4 /* openapi.txt in Resources */,
				35FBA62F1CDF6FE300A527B4 /* Match.storyboard in Resources */,
				35FBA6001CDF4E5C00A527B4 /* Assets.xcassets in Resources */,
				35FBA6351CDF703A00A527B4 /* PersonalInfo.storyboard in Resources */,
				35FBA5FE1CDF4E5C00A527B4 /* Main.storyboard in Resources */,
			);
			runOnlyForDeploymentPostprocessing = 0;
		};
/* End PBXResourcesBuildPhase section */

/* Begin PBXShellScriptBuildPhase section */
		AC6CF727BCF18C30A9F2424F /* 📦 Embed Pods Frameworks */ = {
			isa = PBXShellScriptBuildPhase;
			buildActionMask = 2147483647;
			files = (
			);
			inputPaths = (
			);
			name = "📦 Embed Pods Frameworks";
			outputPaths = (
			);
			runOnlyForDeploymentPostprocessing = 0;
			shellPath = /bin/sh;
			shellScript = "\"${SRCROOT}/Pods/Target Support Files/Pods-Tk300HeroAssistant/Pods-Tk300HeroAssistant-frameworks.sh\"\n";
			showEnvVarsInLog = 0;
		};
		B7DA3539B62C5293FC5C2A82 /* 📦 Copy Pods Resources */ = {
			isa = PBXShellScriptBuildPhase;
			buildActionMask = 2147483647;
			files = (
			);
			inputPaths = (
			);
			name = "📦 Copy Pods Resources";
			outputPaths = (
			);
			runOnlyForDeploymentPostprocessing = 0;
			shellPath = /bin/sh;
			shellScript = "\"${SRCROOT}/Pods/Target Support Files/Pods-Tk300HeroAssistant/Pods-Tk300HeroAssistant-resources.sh\"\n";
			showEnvVarsInLog = 0;
		};
		F25799642AFC6BE177C39ECA /* 📦 Check Pods Manifest.lock */ = {
			isa = PBXShellScriptBuildPhase;
			buildActionMask = 2147483647;
			files = (
			);
			inputPaths = (
			);
			name = "📦 Check Pods Manifest.lock";
			outputPaths = (
			);
			runOnlyForDeploymentPostprocessing = 0;
			shellPath = /bin/sh;
			shellScript = "diff \"${PODS_ROOT}/../Podfile.lock\" \"${PODS_ROOT}/Manifest.lock\" > /dev/null\nif [[ $? != 0 ]] ; then\n    cat << EOM\nerror: The sandbox is not in sync with the Podfile.lock. Run 'pod install' or update your CocoaPods installation.\nEOM\n    exit 1\nfi\n";
			showEnvVarsInLog = 0;
		};
/* End PBXShellScriptBuildPhase section */

/* Begin PBXSourcesBuildPhase section */
		35FBA5F11CDF4E5C00A527B4 /* Sources */ = {
			isa = PBXSourcesBuildPhase;
			buildActionMask = 2147483647;
			files = (
				35DCA5CE1CE5B47A0037577B /* PersonalInfoTableViewDataSource.swift in Sources */,
				3517D70D1CE0F2FA006162BA /* MatchTableViewDataSource.swift in Sources */,
				35E9D02C1CF96F11004170BE /* AccountChangeViewController.swift in Sources */,
				35401A6C1CE835E500F0EDE2 /* TableViewExtension.swift in Sources */,
				3517D6FC1CE0EA70006162BA /* Item.swift in Sources */,
				3517D7031CE0EDE9006162BA /* Rank.swift in Sources */,
				35FBA6201CDF523C00A527B4 /* HttpClient.swift in Sources */,
				35CB9EE21CEC55120007C47C /* HeroDetailViewController.swift in Sources */,
				35FBA6181CDF51B100A527B4 /* DGRunkeeperSwitch.swift in Sources */,
				3517D6FE1CE0EA70006162BA /* Match.swift in Sources */,
				3517D7091CE0EE5F006162BA /* Hero.swift in Sources */,
				35401A6A1CE830DA00F0EDE2 /* Global.swift in Sources */,
				35011C601CE03BCC004F7913 /* MainNavigationViewController.swift in Sources */,
				35FBA6141CDF51B100A527B4 /* DGElasticPullToRefreshExtensions.swift in Sources */,
				35CB9EE61CEC6AE80007C47C /* HeroDetailSkillTableViewDataSource.swift in Sources */,
				3517D6FD1CE0EA70006162BA /* MatchRole.swift in Sources */,
				350E2C971CE1A96D00DF5216 /* matchDetailTableViewCell.swift in Sources */,
				3517D7041CE0EDE9006162BA /* Role.swift in Sources */,
				3517D6FF1CE0EA70006162BA /* MatchDetail.swift in Sources */,
				35DCA5CC1CE567730037577B /* PersonalRankTableViewCell.swift in Sources */,
				35401A6F1CE839DC00F0EDE2 /* UITableViewNetErrorDataSource.swift in Sources */,
				3509932C1CEF116D0079C7E3 /* CollectionViewExtension.swift in Sources */,
				3516C7CD1CE640F3005BF4D8 /* FriendAnalyzer.swift in Sources */,
				35A892BA1CE8AE5100FDCCCD /* HeroTableViewCell.swift in Sources */,
				35E9D02E1CF96F68004170BE /* userAccountTableViewCell.swift in Sources */,
				35FBA6211CDF523C00A527B4 /* ServiceProxy.swift in Sources */,
				35FBA5F91CDF4E5C00A527B4 /* AppDelegate.swift in Sources */,
				350E2C991CE1A99800DF5216 /* matchDetailTableViewDataSource.swift in Sources */,
				35011C621CE03C3C004F7913 /* User.swift in Sources */,
				350CCEE01CEAE30500D082EB /* EquipCombineData.swift in Sources */,
				35FBA63F1CDF714A00A527B4 /* MatchViewController.swift in Sources */,
				35FBA63B1CDF711800A527B4 /* PersonalInfoViewController.swift in Sources */,
				35FBA6131CDF51B100A527B4 /* DGElasticPullToRefreshConstants.swift in Sources */,
				3517D70A1CE0EE5F006162BA /* List.swift in Sources */,
				35BCF7581CE8C8F900E30907 /* HeroTableViewDataSource.swift in Sources */,
				3517D70B1CE0EE5F006162BA /* MatchBasicAPIBase.swift in Sources */,
				35FBA6391CDF708900A527B4 /* MainViewController.swift in Sources */,
				35E259D41CE87F2C005AEE4F /* HeroData.swift in Sources */,
				35A700B51CE7841A00808CD6 /* MatchHeaderView.swift in Sources */,
				35FBA6161CDF51B100A527B4 /* DGElasticPullToRefreshLoadingViewCircle.swift in Sources */,
				35FBA6171CDF51B100A527B4 /* DGElasticPullToRefreshView.swift in Sources */,
				350CCEDE1CEADBFE00D082EB /* SkillData.swift in Sources */,
				3509932E1CEF11E70079C7E3 /* HeroCollectionViewCell.swift in Sources */,
				3517D7051CE0EDE9006162BA /* RoleAPIBase.swift in Sources */,
				35A892BC1CE8B36300FDCCCD /* CSVDataManager.swift in Sources */,
				35CB3E061CEE2F2100FED888 /* CSVReader.swift in Sources */,
				35FBA61C1CDF51BF00A527B4 /* NirKxMenu.m in Sources */,
				3517D70F1CE0F38D006162BA /* MatchBasicTableViewCell.swift in Sources */,
				35E9D0301CF97E54004170BE /* AddNewAccountTableViewCell.swift in Sources */,
				35FBA6411CDF717400A527B4 /* MatchDetailViewController.swift in Sources */,
				35CB9EE41CEC5B6D0007C47C /* SkillInfoTableViewCell.swift in Sources */,
				35FBA63D1CDF712E00A527B4 /* HeroViewController.swift in Sources */,
				35FBA6151CDF51B100A527B4 /* DGElasticPullToRefreshLoadingView.swift in Sources */,
			);
			runOnlyForDeploymentPostprocessing = 0;
		};
/* End PBXSourcesBuildPhase section */

/* Begin PBXVariantGroup section */
		35FBA5FC1CDF4E5C00A527B4 /* Main.storyboard */ = {
			isa = PBXVariantGroup;
			children = (
				35FBA5FD1CDF4E5C00A527B4 /* Base */,
			);
			name = Main.storyboard;
			sourceTree = "<group>";
		};
		35FBA6011CDF4E5C00A527B4 /* LaunchScreen.storyboard */ = {
			isa = PBXVariantGroup;
			children = (
				35FBA6021CDF4E5C00A527B4 /* Base */,
			);
			name = LaunchScreen.storyboard;
			sourceTree = "<group>";
		};
		35FBA62D1CDF6FE300A527B4 /* Match.storyboard */ = {
			isa = PBXVariantGroup;
			children = (
				35FBA62E1CDF6FE300A527B4 /* Base */,
			);
			name = Match.storyboard;
			sourceTree = "<group>";
		};
		35FBA6301CDF701600A527B4 /* Hero.storyboard */ = {
			isa = PBXVariantGroup;
			children = (
				35FBA6311CDF701600A527B4 /* Base */,
			);
			name = Hero.storyboard;
			sourceTree = "<group>";
		};
		35FBA6331CDF703A00A527B4 /* PersonalInfo.storyboard */ = {
			isa = PBXVariantGroup;
			children = (
				35FBA6341CDF703A00A527B4 /* Base */,
			);
			name = PersonalInfo.storyboard;
			sourceTree = "<group>";
		};
/* End PBXVariantGroup section */

/* Begin XCBuildConfiguration section */
		35FBA6051CDF4E5C00A527B4 /* Debug */ = {
			isa = XCBuildConfiguration;
			buildSettings = {
				ALWAYS_SEARCH_USER_PATHS = NO;
				CLANG_ANALYZER_NONNULL = YES;
				CLANG_CXX_LANGUAGE_STANDARD = "gnu++0x";
				CLANG_CXX_LIBRARY = "libc++";
				CLANG_ENABLE_MODULES = YES;
				CLANG_ENABLE_OBJC_ARC = YES;
				CLANG_WARN_BOOL_CONVERSION = YES;
				CLANG_WARN_CONSTANT_CONVERSION = YES;
				CLANG_WARN_DIRECT_OBJC_ISA_USAGE = YES_ERROR;
				CLANG_WARN_EMPTY_BODY = YES;
				CLANG_WARN_ENUM_CONVERSION = YES;
				CLANG_WARN_INT_CONVERSION = YES;
				CLANG_WARN_OBJC_ROOT_CLASS = YES_ERROR;
				CLANG_WARN_UNREACHABLE_CODE = YES;
				CLANG_WARN__DUPLICATE_METHOD_MATCH = YES;
				CODE_SIGN_IDENTITY = "";
				"CODE_SIGN_IDENTITY[sdk=iphoneos*]" = "iPhone Developer";
				COPY_PHASE_STRIP = NO;
				DEBUG_INFORMATION_FORMAT = dwarf;
				ENABLE_STRICT_OBJC_MSGSEND = YES;
				ENABLE_TESTABILITY = YES;
				GCC_C_LANGUAGE_STANDARD = gnu99;
				GCC_DYNAMIC_NO_PIC = NO;
				GCC_NO_COMMON_BLOCKS = YES;
				GCC_OPTIMIZATION_LEVEL = 0;
				GCC_PREPROCESSOR_DEFINITIONS = (
					"DEBUG=1",
					"$(inherited)",
				);
				GCC_WARN_64_TO_32_BIT_CONVERSION = YES;
				GCC_WARN_ABOUT_RETURN_TYPE = YES_ERROR;
				GCC_WARN_UNDECLARED_SELECTOR = YES;
				GCC_WARN_UNINITIALIZED_AUTOS = YES_AGGRESSIVE;
				GCC_WARN_UNUSED_FUNCTION = YES;
				GCC_WARN_UNUSED_VARIABLE = YES;
				IPHONEOS_DEPLOYMENT_TARGET = 9.3;
				MTL_ENABLE_DEBUG_INFO = YES;
				ONLY_ACTIVE_ARCH = YES;
				PRODUCT_NAME = "星尘盒子 for 300英雄";
				SDKROOT = iphoneos;
				SWIFT_OPTIMIZATION_LEVEL = "-Onone";
			};
			name = Debug;
		};
		35FBA6061CDF4E5C00A527B4 /* Release */ = {
			isa = XCBuildConfiguration;
			buildSettings = {
				ALWAYS_SEARCH_USER_PATHS = NO;
				CLANG_ANALYZER_NONNULL = YES;
				CLANG_CXX_LANGUAGE_STANDARD = "gnu++0x";
				CLANG_CXX_LIBRARY = "libc++";
				CLANG_ENABLE_MODULES = YES;
				CLANG_ENABLE_OBJC_ARC = YES;
				CLANG_WARN_BOOL_CONVERSION = YES;
				CLANG_WARN_CONSTANT_CONVERSION = YES;
				CLANG_WARN_DIRECT_OBJC_ISA_USAGE = YES_ERROR;
				CLANG_WARN_EMPTY_BODY = YES;
				CLANG_WARN_ENUM_CONVERSION = YES;
				CLANG_WARN_INT_CONVERSION = YES;
				CLANG_WARN_OBJC_ROOT_CLASS = YES_ERROR;
				CLANG_WARN_UNREACHABLE_CODE = YES;
				CLANG_WARN__DUPLICATE_METHOD_MATCH = YES;
				CODE_SIGN_IDENTITY = "";
				"CODE_SIGN_IDENTITY[sdk=iphoneos*]" = "iPhone Developer";
				COPY_PHASE_STRIP = NO;
				DEBUG_INFORMATION_FORMAT = "dwarf-with-dsym";
				ENABLE_NS_ASSERTIONS = NO;
				ENABLE_STRICT_OBJC_MSGSEND = YES;
				GCC_C_LANGUAGE_STANDARD = gnu99;
				GCC_NO_COMMON_BLOCKS = YES;
				GCC_WARN_64_TO_32_BIT_CONVERSION = YES;
				GCC_WARN_ABOUT_RETURN_TYPE = YES_ERROR;
				GCC_WARN_UNDECLARED_SELECTOR = YES;
				GCC_WARN_UNINITIALIZED_AUTOS = YES_AGGRESSIVE;
				GCC_WARN_UNUSED_FUNCTION = YES;
				GCC_WARN_UNUSED_VARIABLE = YES;
				IPHONEOS_DEPLOYMENT_TARGET = 9.3;
				MTL_ENABLE_DEBUG_INFO = NO;
				PRODUCT_NAME = "星尘盒子 for 300英雄";
				SDKROOT = iphoneos;
				VALIDATE_PRODUCT = YES;
			};
			name = Release;
		};
		35FBA6081CDF4E5C00A527B4 /* Debug */ = {
			isa = XCBuildConfiguration;
			baseConfigurationReference = 4FE5B0D7DD464CEA3FF730C0 /* Pods-Tk300HeroAssistant.debug.xcconfig */;
			buildSettings = {
				ASSETCATALOG_COMPILER_APPICON_NAME = AppIcon;
				CODE_SIGN_IDENTITY = "iPhone Developer: xiao lei yang (YQLG8TNPZD)";
				"CODE_SIGN_IDENTITY[sdk=iphoneos*]" = "iPhone Developer";
				INFOPLIST_FILE = Tk300HeroAssistant/Info.plist;
				IPHONEOS_DEPLOYMENT_TARGET = 9.0;
				LD_RUNPATH_SEARCH_PATHS = "$(inherited) @executable_path/Frameworks";
				PRODUCT_BUNDLE_IDENTIFIER = net.dowhile.Tk300HeroAssistant;
				PRODUCT_NAME = "星尘盒子 for 300英雄";
				PROVISIONING_PROFILE = "90b90b7e-5eff-4cfc-88f6-f8d7dad24391";
			};
			name = Debug;
		};
		35FBA6091CDF4E5C00A527B4 /* Release */ = {
			isa = XCBuildConfiguration;
			baseConfigurationReference = A2DD9FE52B9322672F49A4CD /* Pods-Tk300HeroAssistant.release.xcconfig */;
			buildSettings = {
				ASSETCATALOG_COMPILER_APPICON_NAME = AppIcon;
				CODE_SIGN_IDENTITY = "iPhone Developer: xiao lei yang (YQLG8TNPZD)";
				"CODE_SIGN_IDENTITY[sdk=iphoneos*]" = "iPhone Developer";
				INFOPLIST_FILE = Tk300HeroAssistant/Info.plist;
				IPHONEOS_DEPLOYMENT_TARGET = 9.0;
				LD_RUNPATH_SEARCH_PATHS = "$(inherited) @executable_path/Frameworks";
				PRODUCT_BUNDLE_IDENTIFIER = net.dowhile.Tk300HeroAssistant;
				PRODUCT_NAME = "星尘盒子 for 300英雄";
				PROVISIONING_PROFILE = "90b90b7e-5eff-4cfc-88f6-f8d7dad24391";
			};
			name = Release;
		};
/* End XCBuildConfiguration section */

/* Begin XCConfigurationList section */
		35FBA5F01CDF4E5C00A527B4 /* Build configuration list for PBXProject "Tk300HeroAssistant" */ = {
			isa = XCConfigurationList;
			buildConfigurations = (
				35FBA6051CDF4E5C00A527B4 /* Debug */,
				35FBA6061CDF4E5C00A527B4 /* Release */,
			);
			defaultConfigurationIsVisible = 0;
			defaultConfigurationName = Release;
		};
		35FBA6071CDF4E5C00A527B4 /* Build configuration list for PBXNativeTarget "Tk300HeroAssistant" */ = {
			isa = XCConfigurationList;
			buildConfigurations = (
				35FBA6081CDF4E5C00A527B4 /* Debug */,
				35FBA6091CDF4E5C00A527B4 /* Release */,
			);
			defaultConfigurationIsVisible = 0;
			defaultConfigurationName = Release;
		};
/* End XCConfigurationList section */
	};
	rootObject = 35FBA5ED1CDF4E5C00A527B4 /* Project object */;
}
